{
  "version": "5",
  "specifiers": {
    "jsr:@oak/commons@1": "1.0.1",
    "jsr:@oak/oak@*": "17.1.5",
    "jsr:@std/assert@*": "1.0.13",
    "jsr:@std/assert@1": "1.0.13",
    "jsr:@std/async@*": "1.0.13",
    "jsr:@std/bytes@1": "1.0.6",
    "jsr:@std/crypto@1": "1.0.5",
    "jsr:@std/encoding@1": "1.0.10",
    "jsr:@std/encoding@^1.0.10": "1.0.10",
    "jsr:@std/fs@*": "1.0.19",
    "jsr:@std/http@1": "1.0.19",
    "jsr:@std/internal@^1.0.6": "1.0.9",
    "jsr:@std/internal@^1.0.9": "1.0.9",
    "jsr:@std/media-types@1": "1.1.0",
    "jsr:@std/path@*": "1.1.1",
    "jsr:@std/path@1": "1.1.1",
    "jsr:@std/path@^1.1.1": "1.1.1",
    "jsr:@std/ulid@*": "1.0.0",
    "jsr:@tajpouria/cors@*": "1.2.1",
    "npm:@electric-sql/pglite@*": "0.3.5",
    "npm:@electric-sql/pglite@~0.3.5": "0.3.5",
    "npm:@types/node@*": "22.15.15",
    "npm:path-to-regexp@^6.3.0": "6.3.0",
    "npm:redis@*": "5.6.0_@redis+client@5.6.0",
    "npm:zod@*": "4.0.5"
  },
  "jsr": {
    "@oak/commons@1.0.1": {
      "integrity": "889ff210f0b4292591721be07244ecb1b5c118742f5273c70cf30d7cd4184d0c",
      "dependencies": [
        "jsr:@std/assert@1",
        "jsr:@std/bytes",
        "jsr:@std/crypto",
        "jsr:@std/encoding@1",
        "jsr:@std/http",
        "jsr:@std/media-types"
      ]
    },
    "@oak/oak@17.1.5": {
      "integrity": "676263340dcfd069fb422b4274b4f75f7048a68e605dece6a2897ccfe669e7cc",
      "dependencies": [
        "jsr:@oak/commons",
        "jsr:@std/assert@1",
        "jsr:@std/bytes",
        "jsr:@std/http",
        "jsr:@std/media-types",
        "jsr:@std/path@1",
        "npm:path-to-regexp"
      ]
    },
    "@std/assert@1.0.13": {
      "integrity": "ae0d31e41919b12c656c742b22522c32fb26ed0cba32975cb0de2a273cb68b29",
      "dependencies": [
        "jsr:@std/internal@^1.0.6"
      ]
    },
    "@std/async@1.0.13": {
      "integrity": "1d76ca5d324aef249908f7f7fe0d39aaf53198e5420604a59ab5c035adc97c96"
    },
    "@std/bytes@1.0.6": {
      "integrity": "f6ac6adbd8ccd99314045f5703e23af0a68d7f7e58364b47d2c7f408aeb5820a"
    },
    "@std/crypto@1.0.5": {
      "integrity": "0dcfbb319fe0bba1bd3af904ceb4f948cde1b92979ec1614528380ed308a3b40"
    },
    "@std/encoding@1.0.10": {
      "integrity": "8783c6384a2d13abd5e9e87a7ae0520a30e9f56aeeaa3bdf910a3eaaf5c811a1"
    },
    "@std/fs@1.0.19": {
      "integrity": "051968c2b1eae4d2ea9f79a08a3845740ef6af10356aff43d3e2ef11ed09fb06",
      "dependencies": [
        "jsr:@std/internal@^1.0.9",
        "jsr:@std/path@^1.1.1"
      ]
    },
    "@std/http@1.0.19": {
      "integrity": "52128c8d00a1f0b20019f8b72376e7ef5f3133375b6f805b5bc89b9de2ad4686",
      "dependencies": [
        "jsr:@std/encoding@^1.0.10"
      ]
    },
    "@std/internal@1.0.9": {
      "integrity": "bdfb97f83e4db7a13e8faab26fb1958d1b80cc64366501af78a0aee151696eb8"
    },
    "@std/media-types@1.1.0": {
      "integrity": "c9d093f0c05c3512932b330e3cc1fe1d627b301db33a4c2c2185c02471d6eaa4"
    },
    "@std/path@1.1.1": {
      "integrity": "fe00026bd3a7e6a27f73709b83c607798be40e20c81dde655ce34052fd82ec76",
      "dependencies": [
        "jsr:@std/internal@^1.0.9"
      ]
    },
    "@std/ulid@1.0.0": {
      "integrity": "d41c3d27a907714413649fee864b7cde8d42ee68437d22b79d5de4f81d808780"
    },
    "@tajpouria/cors@1.2.1": {
      "integrity": "eca42e4fb7cb3906ef0ee3d1e565dd6bb4632ccd8e70a95cf4279759743328f0"
    }
  },
  "npm": {
    "@electric-sql/pglite@0.3.5": {
      "integrity": "sha512-fhODErXJjOrnsJj5f1A8sH/Zj0INpLUbqOCiskufIUImUsFOBNHE6/FApY656Q2VSOp46wkXX3rvbBBO8O8Cag=="
    },
    "@redis/bloom@5.6.0_@redis+client@5.6.0": {
      "integrity": "sha512-l13/d6BaZDJzogzZJEphIeZ8J0hpQpjkMiozomTm6nJiMNYkoPsNOBOOQua4QsG0fFjyPmLMDJFPAp5FBQtTXg==",
      "dependencies": [
        "@redis/client"
      ]
    },
    "@redis/client@5.6.0": {
      "integrity": "sha512-wmP9kCFElCSr4MM4+1E4VckDuN4wLtiXSM/J0rKVQppajxQhowci89RGZr2OdLualowb8SRJ/R6OjsXrn9ZNFA==",
      "dependencies": [
        "cluster-key-slot"
      ]
    },
    "@redis/json@5.6.0_@redis+client@5.6.0": {
      "integrity": "sha512-YQN9ZqaSDpdLfJqwzcF4WeuJMGru/h4WsV7GeeNtXsSeyQjHTyDxrd48xXfRRJGv7HitA7zGnzdHplNeKOgrZA==",
      "dependencies": [
        "@redis/client"
      ]
    },
    "@redis/search@5.6.0_@redis+client@5.6.0": {
      "integrity": "sha512-sLgQl92EyMVNHtri5K8Q0j2xt9c0cO9HYurXz667Un4xeUYR+B/Dw5lLG35yqO7VvVxb9amHJo9sAWumkKZYwA==",
      "dependencies": [
        "@redis/client"
      ]
    },
    "@redis/time-series@5.6.0_@redis+client@5.6.0": {
      "integrity": "sha512-tXABmN1vu4aTNL3WI4Iolpvx/5jgil2Bs31ozvKblT+jkUoRkk8ykmYo9Pv/Mp7Gk6/Qkr/2rMgVminrt/4BBQ==",
      "dependencies": [
        "@redis/client"
      ]
    },
    "@types/node@22.15.15": {
      "integrity": "sha512-R5muMcZob3/Jjchn5LcO8jdKwSCbzqmPB6ruBxMcf9kbxtniZHP327s6C37iOfuw8mbKK3cAQa7sEl7afLrQ8A==",
      "dependencies": [
        "undici-types"
      ]
    },
    "cluster-key-slot@1.1.2": {
      "integrity": "sha512-RMr0FhtfXemyinomL4hrWcYJxmX6deFdCxpJzhDttxgO1+bcCnkk+9drydLVDmAMG7NE6aN/fl4F7ucU/90gAA=="
    },
    "path-to-regexp@6.3.0": {
      "integrity": "sha512-Yhpw4T9C6hPpgPeA28us07OJeqZ5EzQTkbfwuhsUg0c237RomFoETJgmp2sa3F/41gfLE6G5cqcYwznmeEeOlQ=="
    },
    "redis@5.6.0_@redis+client@5.6.0": {
      "integrity": "sha512-0x3pM3SlYA5azdNwO8qgfMBzoOqSqr9M+sd1hojbcn0ZDM5zsmKeMM+zpTp6LIY+mbQomIc/RTTQKuBzr8QKzQ==",
      "dependencies": [
        "@redis/bloom",
        "@redis/client",
        "@redis/json",
        "@redis/search",
        "@redis/time-series"
      ]
    },
    "undici-types@6.21.0": {
      "integrity": "sha512-iwDZqg0QAGrg9Rav5H4n0M64c3mkR59cJ6wQp+7C4nI0gsmExaedaYLNO44eT4AtBBwjbTiGPMlt2Md0T9H9JQ=="
    },
    "zod@4.0.5": {
      "integrity": "sha512-/5UuuRPStvHXu7RS+gmvRf4NXrNxpSllGwDnCBcJZtQsKrviYXm54yDGV2KYNLT5kq0lHGcl7lqWJLgSaG+tgA=="
    }
  },
  "workspace": {
    "dependencies": [
      "npm:@electric-sql/pglite@~0.3.5"
    ]
  }
}
